
Microsoft Visual Studio Solution File, Format Version 12.00
# Visual Studio 15
VisualStudioVersion = 15.0.27130.2010
MinimumVisualStudioVersion = 10.0.40219.1
Project("{9A19103F-16F7-4668-BE54-9A1E7A4F7556}") = "Sand", "src\Sand\Sand.csproj", "{4E637C3D-8FEF-4277-A66B-F1B93883525A}"
EndProject
Project("{9A19103F-16F7-4668-BE54-9A1E7A4F7556}") = "Sand.Test", "src\Sand.Test\Sand.Test.csproj", "{D65460AC-811B-4651-A27B-587AECC743B2}"
EndProject
Project("{9A19103F-16F7-4668-BE54-9A1E7A4F7556}") = "WebApplication1", "WebApplication1\WebApplication1.csproj", "{29F10AA1-0B6D-4AFA-B995-E9DBD2C29333}"
EndProject
Project("{9A19103F-16F7-4668-BE54-9A1E7A4F7556}") = "Test.Service", "Test.Service\Test.Service.csproj", "{9C7E0EDD-8A62-4D0D-B3C2-F25873F7F15F}"
EndProject
Project("{9A19103F-16F7-4668-BE54-9A1E7A4F7556}") = "ClassLibrary1", "ClassLibrary1\ClassLibrary1.csproj", "{D8F366AD-F4CE-48A1-A36E-3CC8AEBAA491}"
EndProject
Global
	GlobalSection(SolutionConfigurationPlatforms) = preSolution
		Debug|Any CPU = Debug|Any CPU
		Release|Any CPU = Release|Any CPU
	EndGlobalSection
	GlobalSection(ProjectConfigurationPlatforms) = postSolution
		{4E637C3D-8FEF-4277-A66B-F1B93883525A}.Debug|Any CPU.ActiveCfg = Debug|Any CPU
		{4E637C3D-8FEF-4277-A66B-F1B93883525A}.Debug|Any CPU.Build.0 = Debug|Any CPU
		{4E637C3D-8FEF-4277-A66B-F1B93883525A}.Release|Any CPU.ActiveCfg = Release|Any CPU
		{4E637C3D-8FEF-4277-A66B-F1B93883525A}.Release|Any CPU.Build.0 = Release|Any CPU
		{D65460AC-811B-4651-A27B-587AECC743B2}.Debug|Any CPU.ActiveCfg = Debug|Any CPU
		{D65460AC-811B-4651-A27B-587AECC743B2}.Debug|Any CPU.Build.0 = Debug|Any CPU
		{D65460AC-811B-4651-A27B-587AECC743B2}.Release|Any CPU.ActiveCfg = Release|Any CPU
		{D65460AC-811B-4651-A27B-587AECC743B2}.Release|Any CPU.Build.0 = Release|Any CPU
		{29F10AA1-0B6D-4AFA-B995-E9DBD2C29333}.Debug|Any CPU.ActiveCfg = Debug|Any CPU
		{29F10AA1-0B6D-4AFA-B995-E9DBD2C29333}.Debug|Any CPU.Build.0 = Debug|Any CPU
		{29F10AA1-0B6D-4AFA-B995-E9DBD2C29333}.Release|Any CPU.ActiveCfg = Release|Any CPU
		{29F10AA1-0B6D-4AFA-B995-E9DBD2C29333}.Release|Any CPU.Build.0 = Release|Any CPU
		{9C7E0EDD-8A62-4D0D-B3C2-F25873F7F15F}.Debug|Any CPU.ActiveCfg = Debug|Any CPU
		{9C7E0EDD-8A62-4D0D-B3C2-F25873F7F15F}.Debug|Any CPU.Build.0 = Debug|Any CPU
		{9C7E0EDD-8A62-4D0D-B3C2-F25873F7F15F}.Release|Any CPU.ActiveCfg = Release|Any CPU
		{9C7E0EDD-8A62-4D0D-B3C2-F25873F7F15F}.Release|Any CPU.Build.0 = Release|Any CPU
		{D8F366AD-F4CE-48A1-A36E-3CC8AEBAA491}.Debug|Any CPU.ActiveCfg = Debug|Any CPU
		{D8F366AD-F4CE-48A1-A36E-3CC8AEBAA491}.Debug|Any CPU.Build.0 = Debug|Any CPU
		{D8F366AD-F4CE-48A1-A36E-3CC8AEBAA491}.Release|Any CPU.ActiveCfg = Release|Any CPU
		{D8F366AD-F4CE-48A1-A36E-3CC8AEBAA491}.Release|Any CPU.Build.0 = Release|Any CPU
	EndGlobalSection
	GlobalSection(SolutionProperties) = preSolution
		HideSolutionNode = FALSE
	EndGlobalSection
	GlobalSection(ExtensibilityGlobals) = postSolution
		SolutionGuid = {29A1DCD2-3AA8-4290-B73F-79552AF2DD21}
	EndGlobalSection
EndGlobal
