
Microsoft Visual Studio Solution File, Format Version 12.00
# Visual Studio 15
VisualStudioVersion = 15.0.27130.2010
MinimumVisualStudioVersion = 10.0.40219.1
Project("{9A19103F-16F7-4668-BE54-9A1E7A4F7556}") = "Sand", "src\Sand\Sand.csproj", "{4E637C3D-8FEF-4277-A66B-F1B93883525A}"
EndProject
Project("{9A19103F-16F7-4668-BE54-9A1E7A4F7556}") = "Sand.Test", "src\Sand.Test\Sand.Test.csproj", "{D65460AC-811B-4651-A27B-587AECC743B2}"
EndProject
Project("{9A19103F-16F7-4668-BE54-9A1E7A4F7556}") = "Sand.Api", "src\Sand.Api\Sand.Api.csproj", "{4A06073E-D7B9-4E7B-B151-A26B45F8CB38}"
EndProject
Project("{9A19103F-16F7-4668-BE54-9A1E7A4F7556}") = "Sand.Data", "src\Sand.Data\Sand.Data.csproj", "{1A33D38C-3170-420B-AE45-FAD801474851}"
EndProject
Project("{9A19103F-16F7-4668-BE54-9A1E7A4F7556}") = "Sand.Domain", "src\Sand.Domain\Sand.Domain.csproj", "{955FC49F-08C7-4171-9BC5-FAC4C1BFD986}"
EndProject
Project("{9A19103F-16F7-4668-BE54-9A1E7A4F7556}") = "Sand.Service", "src\Sand.Service\Sand.Service.csproj", "{B08B4FF5-AD34-4952-AFAE-85C6C7A5DCC7}"
EndProject
Project("{2150E333-8FDC-42A3-9474-1A3956D46DE8}") = "Sand.Plugs", "src\Sand.Plugs", "{40FB38C0-F330-40FA-9587-B35D0C847DE3}"
EndProject
Project("{9A19103F-16F7-4668-BE54-9A1E7A4F7556}") = "Sand.Message", "src\Sand.Message\Sand.Message.csproj", "{D81F607C-F612-4F28-B9AC-5DE0A3772228}"
EndProject
Project("{9A19103F-16F7-4668-BE54-9A1E7A4F7556}") = "Sand.IdentityServer", "src\Sand.Plugs\Sand.IdentityServer\Sand.IdentityServer.csproj", "{2838231A-E903-4360-8ED1-40B2B8C95201}"
EndProject
Project("{9A19103F-16F7-4668-BE54-9A1E7A4F7556}") = "Sand.UnifiedStorage", "src\Sand.UnifiedStorage\Sand.UnifiedStorage.csproj", "{A0A000D3-CD65-441A-9628-ADF84DBEC5F6}"
EndProject
Project("{9A19103F-16F7-4668-BE54-9A1E7A4F7556}") = "Sand.Payment", "src\Sand.Payment\Sand.Payment.csproj", "{18F57A17-4545-4560-9E5B-E016F1853941}"
EndProject
Project("{FAE04EC0-301F-11D3-BF4B-00C04F79EFBC}") = "Sand.Mobile", "src\Sand.Mobile\Sand.Mobile.csproj", "{0D122FAB-3AB0-4129-A777-72C9A1E65B01}"
EndProject
Global
	GlobalSection(SolutionConfigurationPlatforms) = preSolution
		Debug|Any CPU = Debug|Any CPU
		Release|Any CPU = Release|Any CPU
	EndGlobalSection
	GlobalSection(ProjectConfigurationPlatforms) = postSolution
		{4E637C3D-8FEF-4277-A66B-F1B93883525A}.Debug|Any CPU.ActiveCfg = Debug|Any CPU
		{4E637C3D-8FEF-4277-A66B-F1B93883525A}.Debug|Any CPU.Build.0 = Debug|Any CPU
		{4E637C3D-8FEF-4277-A66B-F1B93883525A}.Release|Any CPU.ActiveCfg = Release|Any CPU
		{4E637C3D-8FEF-4277-A66B-F1B93883525A}.Release|Any CPU.Build.0 = Release|Any CPU
		{D65460AC-811B-4651-A27B-587AECC743B2}.Debug|Any CPU.ActiveCfg = Debug|Any CPU
		{D65460AC-811B-4651-A27B-587AECC743B2}.Debug|Any CPU.Build.0 = Debug|Any CPU
		{D65460AC-811B-4651-A27B-587AECC743B2}.Release|Any CPU.ActiveCfg = Release|Any CPU
		{D65460AC-811B-4651-A27B-587AECC743B2}.Release|Any CPU.Build.0 = Release|Any CPU
		{4A06073E-D7B9-4E7B-B151-A26B45F8CB38}.Debug|Any CPU.ActiveCfg = Debug|Any CPU
		{4A06073E-D7B9-4E7B-B151-A26B45F8CB38}.Debug|Any CPU.Build.0 = Debug|Any CPU
		{4A06073E-D7B9-4E7B-B151-A26B45F8CB38}.Release|Any CPU.ActiveCfg = Release|Any CPU
		{4A06073E-D7B9-4E7B-B151-A26B45F8CB38}.Release|Any CPU.Build.0 = Release|Any CPU
		{1A33D38C-3170-420B-AE45-FAD801474851}.Debug|Any CPU.ActiveCfg = Debug|Any CPU
		{1A33D38C-3170-420B-AE45-FAD801474851}.Debug|Any CPU.Build.0 = Debug|Any CPU
		{1A33D38C-3170-420B-AE45-FAD801474851}.Release|Any CPU.ActiveCfg = Release|Any CPU
		{1A33D38C-3170-420B-AE45-FAD801474851}.Release|Any CPU.Build.0 = Release|Any CPU
		{955FC49F-08C7-4171-9BC5-FAC4C1BFD986}.Debug|Any CPU.ActiveCfg = Debug|Any CPU
		{955FC49F-08C7-4171-9BC5-FAC4C1BFD986}.Debug|Any CPU.Build.0 = Debug|Any CPU
		{955FC49F-08C7-4171-9BC5-FAC4C1BFD986}.Release|Any CPU.ActiveCfg = Release|Any CPU
		{955FC49F-08C7-4171-9BC5-FAC4C1BFD986}.Release|Any CPU.Build.0 = Release|Any CPU
		{B08B4FF5-AD34-4952-AFAE-85C6C7A5DCC7}.Debug|Any CPU.ActiveCfg = Debug|Any CPU
		{B08B4FF5-AD34-4952-AFAE-85C6C7A5DCC7}.Debug|Any CPU.Build.0 = Debug|Any CPU
		{B08B4FF5-AD34-4952-AFAE-85C6C7A5DCC7}.Release|Any CPU.ActiveCfg = Release|Any CPU
		{B08B4FF5-AD34-4952-AFAE-85C6C7A5DCC7}.Release|Any CPU.Build.0 = Release|Any CPU
		{D81F607C-F612-4F28-B9AC-5DE0A3772228}.Debug|Any CPU.ActiveCfg = Debug|Any CPU
		{D81F607C-F612-4F28-B9AC-5DE0A3772228}.Debug|Any CPU.Build.0 = Debug|Any CPU
		{D81F607C-F612-4F28-B9AC-5DE0A3772228}.Release|Any CPU.ActiveCfg = Release|Any CPU
		{D81F607C-F612-4F28-B9AC-5DE0A3772228}.Release|Any CPU.Build.0 = Release|Any CPU
		{2838231A-E903-4360-8ED1-40B2B8C95201}.Debug|Any CPU.ActiveCfg = Debug|Any CPU
		{2838231A-E903-4360-8ED1-40B2B8C95201}.Debug|Any CPU.Build.0 = Debug|Any CPU
		{2838231A-E903-4360-8ED1-40B2B8C95201}.Release|Any CPU.ActiveCfg = Release|Any CPU
		{2838231A-E903-4360-8ED1-40B2B8C95201}.Release|Any CPU.Build.0 = Release|Any CPU
		{A0A000D3-CD65-441A-9628-ADF84DBEC5F6}.Debug|Any CPU.ActiveCfg = Debug|Any CPU
		{A0A000D3-CD65-441A-9628-ADF84DBEC5F6}.Debug|Any CPU.Build.0 = Debug|Any CPU
		{A0A000D3-CD65-441A-9628-ADF84DBEC5F6}.Release|Any CPU.ActiveCfg = Release|Any CPU
		{A0A000D3-CD65-441A-9628-ADF84DBEC5F6}.Release|Any CPU.Build.0 = Release|Any CPU
		{18F57A17-4545-4560-9E5B-E016F1853941}.Debug|Any CPU.ActiveCfg = Debug|Any CPU
		{18F57A17-4545-4560-9E5B-E016F1853941}.Debug|Any CPU.Build.0 = Debug|Any CPU
		{18F57A17-4545-4560-9E5B-E016F1853941}.Release|Any CPU.ActiveCfg = Release|Any CPU
		{18F57A17-4545-4560-9E5B-E016F1853941}.Release|Any CPU.Build.0 = Release|Any CPU
		{0D122FAB-3AB0-4129-A777-72C9A1E65B01}.Debug|Any CPU.ActiveCfg = Debug|Any CPU
		{0D122FAB-3AB0-4129-A777-72C9A1E65B01}.Debug|Any CPU.Build.0 = Debug|Any CPU
		{0D122FAB-3AB0-4129-A777-72C9A1E65B01}.Release|Any CPU.ActiveCfg = Release|Any CPU
		{0D122FAB-3AB0-4129-A777-72C9A1E65B01}.Release|Any CPU.Build.0 = Release|Any CPU
	EndGlobalSection
	GlobalSection(SolutionProperties) = preSolution
		HideSolutionNode = FALSE
	EndGlobalSection
	GlobalSection(NestedProjects) = preSolution
		{D81F607C-F612-4F28-B9AC-5DE0A3772228} = {40FB38C0-F330-40FA-9587-B35D0C847DE3}
		{2838231A-E903-4360-8ED1-40B2B8C95201} = {40FB38C0-F330-40FA-9587-B35D0C847DE3}
		{A0A000D3-CD65-441A-9628-ADF84DBEC5F6} = {40FB38C0-F330-40FA-9587-B35D0C847DE3}
		{18F57A17-4545-4560-9E5B-E016F1853941} = {40FB38C0-F330-40FA-9587-B35D0C847DE3}
		{0D122FAB-3AB0-4129-A777-72C9A1E65B01} = {40FB38C0-F330-40FA-9587-B35D0C847DE3}
	EndGlobalSection
	GlobalSection(ExtensibilityGlobals) = postSolution
		SolutionGuid = {29A1DCD2-3AA8-4290-B73F-79552AF2DD21}
	EndGlobalSection
EndGlobal
