
Microsoft Visual Studio Solution File, Format Version 12.00
# Visual Studio 15
VisualStudioVersion = 15.0.27130.2010
MinimumVisualStudioVersion = 10.0.40219.1
Project("{9A19103F-16F7-4668-BE54-9A1E7A4F7556}") = "Sand", "src\Sand\Sand.csproj", "{4E637C3D-8FEF-4277-A66B-F1B93883525A}"
EndProject
Project("{9A19103F-16F7-4668-BE54-9A1E7A4F7556}") = "Sand.Test", "src\Sand.Test\Sand.Test.csproj", "{D65460AC-811B-4651-A27B-587AECC743B2}"
EndProject
Global
	GlobalSection(SolutionConfigurationPlatforms) = preSolution
		Debug|Any CPU = Debug|Any CPU
		Release|Any CPU = Release|Any CPU
	EndGlobalSection
	GlobalSection(ProjectConfigurationPlatforms) = postSolution
		{4E637C3D-8FEF-4277-A66B-F1B93883525A}.Debug|Any CPU.ActiveCfg = Debug|Any CPU
		{4E637C3D-8FEF-4277-A66B-F1B93883525A}.Debug|Any CPU.Build.0 = Debug|Any CPU
		{4E637C3D-8FEF-4277-A66B-F1B93883525A}.Release|Any CPU.ActiveCfg = Release|Any CPU
		{4E637C3D-8FEF-4277-A66B-F1B93883525A}.Release|Any CPU.Build.0 = Release|Any CPU
		{D65460AC-811B-4651-A27B-587AECC743B2}.Debug|Any CPU.ActiveCfg = Debug|Any CPU
		{D65460AC-811B-4651-A27B-587AECC743B2}.Debug|Any CPU.Build.0 = Debug|Any CPU
		{D65460AC-811B-4651-A27B-587AECC743B2}.Release|Any CPU.ActiveCfg = Release|Any CPU
		{D65460AC-811B-4651-A27B-587AECC743B2}.Release|Any CPU.Build.0 = Release|Any CPU
	EndGlobalSection
	GlobalSection(SolutionProperties) = preSolution
		HideSolutionNode = FALSE
	EndGlobalSection
	GlobalSection(ExtensibilityGlobals) = postSolution
		SolutionGuid = {29A1DCD2-3AA8-4290-B73F-79552AF2DD21}
	EndGlobalSection
EndGlobal
